{
  "name": "prismic-migration",
  "version": "1.0.0",
  "lockfileVersion": 3,
  "requires": true,
  "packages": {
    "": {
      "name": "prismic-migration",
      "version": "1.0.0",
      "dependencies": {
        "@prismicio/client": "^7.13.0",
        "dotenv": "^16.4.5"
      },
      "engines": {
        "node": ">=20"
      }
    },
    "node_modules/@prismicio/client": {
      "version": "7.21.8",
      "resolved": "https://registry.npmjs.org/@prismicio/client/-/client-7.21.8.tgz",
      "integrity": "sha512-HFXrV/XdbVy/AL7V5K/976gr4SEa7WA7xuZuSNuseLK5VSl0DlMSgy7GTUk+ngjz9QvN0Xu3nxWzUGFxnD8RIA==",
      "license": "Apache-2.0",
      "dependencies": {
        "imgix-url-builder": "^0.0.6"
      },
      "engines": {
        "node": ">=20"
      }
    },
    "node_modules/dotenv": {
      "version": "16.6.1",
      "resolved": "https://registry.npmjs.org/dotenv/-/dotenv-16.6.1.tgz",
      "integrity": "sha512-uBq4egWHTcTt33a72vpSG0z3HnPuIl6NqYcTrKEg2azoEyl2hpW0zqlxysq2pK9HlDIHyHyakeYaYnSAwd8bow==",
      "license": "BSD-2-Clause",
      "engines": {
        "node": ">=12"
      },
      "funding": {
        "url": "https://dotenvx.com"
      }
    },
    "node_modules/imgix-url-builder": {
      "version": "0.0.6",
      "resolved": "https://registry.npmjs.org/imgix-url-builder/-/imgix-url-builder-0.0.6.tgz",
      "integrity": "sha512-lFVbvaE9vMck8qz9j+y6o7vsyc1vZhdqzWu+Wp/nlnOCi9zAErc31QMkZKYUGMNLLzxOO4YIBAUPndTPah8HFg==",
      "license": "Apache-2.0",
      "engines": {
        "node": ">=12.7.0"
      }
    }
  }
}
